
Microsoft Visual Studio Solution File, Format Version 12.00
# Visual Studio Version 16
VisualStudioVersion = 16.0.37206.5
MinimumVisualStudioVersion = 10.0.40219.1
Project("{FAE04EC0-301F-11D3-BF4B-00C04F79EFBC}") = "20232633035-潘越", "20232633035-潘越\20232633035-潘越.csproj", "{2D4551C5-C448-4796-B005-89B59BB4941E}"
EndProject
Global
	GlobalSection(SolutionConfigurationPlatforms) = preSolution
		Debug|Any CPU = Debug|Any CPU
		Release|Any CPU = Release|Any CPU
	EndGlobalSection
	GlobalSection(ProjectConfigurationPlatforms) = postSolution
		{2D4551C5-C448-4796-B005-89B59BB4941E}.Debug|Any CPU.ActiveCfg = Debug|Any CPU
		{2D4551C5-C448-4796-B005-89B59BB4941E}.Debug|Any CPU.Build.0 = Debug|Any CPU
		{2D4551C5-C448-4796-B005-89B59BB4941E}.Release|Any CPU.ActiveCfg = Release|Any CPU
		{2D4551C5-C448-4796-B005-89B59BB4941E}.Release|Any CPU.Build.0 = Release|Any CPU
	EndGlobalSection
	GlobalSection(SolutionProperties) = preSolution
		HideSolutionNode = FALSE
	EndGlobalSection
	GlobalSection(ExtensibilityGlobals) = postSolution
		SolutionGuid = {12EBF3F2-9967-4B63-A32A-EFFF32A22EB0}
	EndGlobalSection
EndGlobal
